
Microsoft Visual Studio Solution File, Format Version 12.00
# Visual Studio Version 17
VisualStudioVersion = 17.10.35004.147
MinimumVisualStudioVersion = 10.0.40219.1
Project("{2150E333-8FDC-42A3-9474-1A3956D46DE8}") = "src", "src", "{D92A220C-2977-4D2B-95B3-E302907E6DB1}"
EndProject
Project("{2150E333-8FDC-42A3-9474-1A3956D46DE8}") = "tests", "tests", "{71F93042-0B65-47D9-BFEC-785F00C0E65A}"
EndProject
Project("{2150E333-8FDC-42A3-9474-1A3956D46DE8}") = "Service", "Service", "{77CF6741-21AE-4478-860C-99C031D7A986}"
EndProject
Project("{9A19103F-16F7-4668-BE54-9A1E7A4F7556}") = "KitchenFlow.Application", "KitchenFlow.Application\KitchenFlow.Application.csproj", "{287232DC-ECE9-41AA-A9C6-9DD5F5DE16F8}"
EndProject
Project("{9A19103F-16F7-4668-BE54-9A1E7A4F7556}") = "KitchenFlow.Application.Contract", "KitchenFlow.Application.Contract\KitchenFlow.Application.Contract.csproj", "{BA11D854-73F9-4F2E-B1CC-B15CF0A910C8}"
EndProject
Project("{9A19103F-16F7-4668-BE54-9A1E7A4F7556}") = "KitchenFlow.Domain", "KitchenFlow.Domain\KitchenFlow.Domain.csproj", "{F084B827-731B-48FC-A840-E2DB27AF2B02}"
EndProject
Project("{9A19103F-16F7-4668-BE54-9A1E7A4F7556}") = "KitchenFlow.Domain.Contract", "KitchenFlow.Domain.Contract\KitchenFlow.Domain.Contract.csproj", "{E21F59FF-1DDA-4CDC-B26E-FAC4EBCBCB42}"
EndProject
Project("{9A19103F-16F7-4668-BE54-9A1E7A4F7556}") = "KitchenFlow.Infrastructure", "KitchenFlow.Infrastructure\KitchenFlow.Infrastructure.csproj", "{3AAA1FD2-06AA-4782-B802-E2074D692720}"
EndProject
Project("{9A19103F-16F7-4668-BE54-9A1E7A4F7556}") = "KitchenFlow.Presentation", "KitchenFlow.Presentation\KitchenFlow.Presentation.csproj", "{431AC877-05AC-4CFB-9632-94E3AF6940CD}"
EndProject
Project("{2150E333-8FDC-42A3-9474-1A3956D46DE8}") = "Framework", "Framework", "{C55263A6-764B-4CEC-84AA-E500EA6E243D}"
EndProject
Project("{2150E333-8FDC-42A3-9474-1A3956D46DE8}") = "Application", "Application", "{3A52AC2F-7F66-4DF3-861A-4099C23593F7}"
EndProject
Project("{2150E333-8FDC-42A3-9474-1A3956D46DE8}") = "Domain", "Domain", "{4587CABB-E630-4762-BE91-F8CAC3CE9B55}"
EndProject
Project("{2150E333-8FDC-42A3-9474-1A3956D46DE8}") = "Infrastructure", "Infrastructure", "{39D62C6A-6677-431B-92B0-F37E886DE517}"
EndProject
Project("{9A19103F-16F7-4668-BE54-9A1E7A4F7556}") = "Arta.Domain.Core", "Arta.Domain.Core\Arta.Domain.Core.csproj", "{3133E4DA-579A-4961-ADE4-EABAEFD677F9}"
EndProject
Project("{9A19103F-16F7-4668-BE54-9A1E7A4F7556}") = "KitchenFlow.Unit.Test", "KitchenFlow.Unit.Test\KitchenFlow.Unit.Test.csproj", "{2811A195-8DCE-4EFD-9F78-827E83673F1A}"
EndProject
Project("{9A19103F-16F7-4668-BE54-9A1E7A4F7556}") = "Arta.Application.Core", "Arta.Application.Core\Arta.Application.Core.csproj", "{F3C2A7FE-FBEE-42F9-8168-9EB48B05D758}"
EndProject
Project("{2150E333-8FDC-42A3-9474-1A3956D46DE8}") = "Base", "Base", "{C3D667C6-FEDB-4578-8A06-5A762AEF0D57}"
EndProject
Project("{FAE04EC0-301F-11D3-BF4B-00C04F79EFBC}") = "Arta.Base.Core", "Arta.Base.Core\Arta.Base.Core.csproj", "{C314EAAE-4992-4AB6-9FD2-D6DB7C6ACF59}"
EndProject
Project("{FAE04EC0-301F-11D3-BF4B-00C04F79EFBC}") = "KitchenFlow.Integration.Test", "KitchenFlow.Integration.Test\KitchenFlow.Integration.Test.csproj", "{B6EB13A0-2BAB-4515-BD1D-32220A46950B}"
EndProject
Global
	GlobalSection(SolutionConfigurationPlatforms) = preSolution
		Debug|Any CPU = Debug|Any CPU
		Release|Any CPU = Release|Any CPU
	EndGlobalSection
	GlobalSection(ProjectConfigurationPlatforms) = postSolution
		{287232DC-ECE9-41AA-A9C6-9DD5F5DE16F8}.Debug|Any CPU.ActiveCfg = Debug|Any CPU
		{287232DC-ECE9-41AA-A9C6-9DD5F5DE16F8}.Debug|Any CPU.Build.0 = Debug|Any CPU
		{287232DC-ECE9-41AA-A9C6-9DD5F5DE16F8}.Release|Any CPU.ActiveCfg = Release|Any CPU
		{287232DC-ECE9-41AA-A9C6-9DD5F5DE16F8}.Release|Any CPU.Build.0 = Release|Any CPU
		{BA11D854-73F9-4F2E-B1CC-B15CF0A910C8}.Debug|Any CPU.ActiveCfg = Debug|Any CPU
		{BA11D854-73F9-4F2E-B1CC-B15CF0A910C8}.Debug|Any CPU.Build.0 = Debug|Any CPU
		{BA11D854-73F9-4F2E-B1CC-B15CF0A910C8}.Release|Any CPU.ActiveCfg = Release|Any CPU
		{BA11D854-73F9-4F2E-B1CC-B15CF0A910C8}.Release|Any CPU.Build.0 = Release|Any CPU
		{F084B827-731B-48FC-A840-E2DB27AF2B02}.Debug|Any CPU.ActiveCfg = Debug|Any CPU
		{F084B827-731B-48FC-A840-E2DB27AF2B02}.Debug|Any CPU.Build.0 = Debug|Any CPU
		{F084B827-731B-48FC-A840-E2DB27AF2B02}.Release|Any CPU.ActiveCfg = Release|Any CPU
		{F084B827-731B-48FC-A840-E2DB27AF2B02}.Release|Any CPU.Build.0 = Release|Any CPU
		{E21F59FF-1DDA-4CDC-B26E-FAC4EBCBCB42}.Debug|Any CPU.ActiveCfg = Debug|Any CPU
		{E21F59FF-1DDA-4CDC-B26E-FAC4EBCBCB42}.Debug|Any CPU.Build.0 = Debug|Any CPU
		{E21F59FF-1DDA-4CDC-B26E-FAC4EBCBCB42}.Release|Any CPU.ActiveCfg = Release|Any CPU
		{E21F59FF-1DDA-4CDC-B26E-FAC4EBCBCB42}.Release|Any CPU.Build.0 = Release|Any CPU
		{3AAA1FD2-06AA-4782-B802-E2074D692720}.Debug|Any CPU.ActiveCfg = Debug|Any CPU
		{3AAA1FD2-06AA-4782-B802-E2074D692720}.Debug|Any CPU.Build.0 = Debug|Any CPU
		{3AAA1FD2-06AA-4782-B802-E2074D692720}.Release|Any CPU.ActiveCfg = Release|Any CPU
		{3AAA1FD2-06AA-4782-B802-E2074D692720}.Release|Any CPU.Build.0 = Release|Any CPU
		{431AC877-05AC-4CFB-9632-94E3AF6940CD}.Debug|Any CPU.ActiveCfg = Debug|Any CPU
		{431AC877-05AC-4CFB-9632-94E3AF6940CD}.Debug|Any CPU.Build.0 = Debug|Any CPU
		{431AC877-05AC-4CFB-9632-94E3AF6940CD}.Release|Any CPU.ActiveCfg = Release|Any CPU
		{431AC877-05AC-4CFB-9632-94E3AF6940CD}.Release|Any CPU.Build.0 = Release|Any CPU
		{3133E4DA-579A-4961-ADE4-EABAEFD677F9}.Debug|Any CPU.ActiveCfg = Debug|Any CPU
		{3133E4DA-579A-4961-ADE4-EABAEFD677F9}.Debug|Any CPU.Build.0 = Debug|Any CPU
		{3133E4DA-579A-4961-ADE4-EABAEFD677F9}.Release|Any CPU.ActiveCfg = Release|Any CPU
		{3133E4DA-579A-4961-ADE4-EABAEFD677F9}.Release|Any CPU.Build.0 = Release|Any CPU
		{2811A195-8DCE-4EFD-9F78-827E83673F1A}.Debug|Any CPU.ActiveCfg = Debug|Any CPU
		{2811A195-8DCE-4EFD-9F78-827E83673F1A}.Debug|Any CPU.Build.0 = Debug|Any CPU
		{2811A195-8DCE-4EFD-9F78-827E83673F1A}.Release|Any CPU.ActiveCfg = Release|Any CPU
		{2811A195-8DCE-4EFD-9F78-827E83673F1A}.Release|Any CPU.Build.0 = Release|Any CPU
		{F3C2A7FE-FBEE-42F9-8168-9EB48B05D758}.Debug|Any CPU.ActiveCfg = Debug|Any CPU
		{F3C2A7FE-FBEE-42F9-8168-9EB48B05D758}.Debug|Any CPU.Build.0 = Debug|Any CPU
		{F3C2A7FE-FBEE-42F9-8168-9EB48B05D758}.Release|Any CPU.ActiveCfg = Release|Any CPU
		{F3C2A7FE-FBEE-42F9-8168-9EB48B05D758}.Release|Any CPU.Build.0 = Release|Any CPU
		{C314EAAE-4992-4AB6-9FD2-D6DB7C6ACF59}.Debug|Any CPU.ActiveCfg = Debug|Any CPU
		{C314EAAE-4992-4AB6-9FD2-D6DB7C6ACF59}.Debug|Any CPU.Build.0 = Debug|Any CPU
		{C314EAAE-4992-4AB6-9FD2-D6DB7C6ACF59}.Release|Any CPU.ActiveCfg = Release|Any CPU
		{C314EAAE-4992-4AB6-9FD2-D6DB7C6ACF59}.Release|Any CPU.Build.0 = Release|Any CPU
		{B6EB13A0-2BAB-4515-BD1D-32220A46950B}.Debug|Any CPU.ActiveCfg = Debug|Any CPU
		{B6EB13A0-2BAB-4515-BD1D-32220A46950B}.Debug|Any CPU.Build.0 = Debug|Any CPU
		{B6EB13A0-2BAB-4515-BD1D-32220A46950B}.Release|Any CPU.ActiveCfg = Release|Any CPU
		{B6EB13A0-2BAB-4515-BD1D-32220A46950B}.Release|Any CPU.Build.0 = Release|Any CPU
	EndGlobalSection
	GlobalSection(SolutionProperties) = preSolution
		HideSolutionNode = FALSE
	EndGlobalSection
	GlobalSection(NestedProjects) = preSolution
		{77CF6741-21AE-4478-860C-99C031D7A986} = {D92A220C-2977-4D2B-95B3-E302907E6DB1}
		{287232DC-ECE9-41AA-A9C6-9DD5F5DE16F8} = {77CF6741-21AE-4478-860C-99C031D7A986}
		{BA11D854-73F9-4F2E-B1CC-B15CF0A910C8} = {77CF6741-21AE-4478-860C-99C031D7A986}
		{F084B827-731B-48FC-A840-E2DB27AF2B02} = {77CF6741-21AE-4478-860C-99C031D7A986}
		{E21F59FF-1DDA-4CDC-B26E-FAC4EBCBCB42} = {77CF6741-21AE-4478-860C-99C031D7A986}
		{3AAA1FD2-06AA-4782-B802-E2074D692720} = {77CF6741-21AE-4478-860C-99C031D7A986}
		{431AC877-05AC-4CFB-9632-94E3AF6940CD} = {77CF6741-21AE-4478-860C-99C031D7A986}
		{C55263A6-764B-4CEC-84AA-E500EA6E243D} = {D92A220C-2977-4D2B-95B3-E302907E6DB1}
		{3A52AC2F-7F66-4DF3-861A-4099C23593F7} = {C55263A6-764B-4CEC-84AA-E500EA6E243D}
		{4587CABB-E630-4762-BE91-F8CAC3CE9B55} = {C55263A6-764B-4CEC-84AA-E500EA6E243D}
		{39D62C6A-6677-431B-92B0-F37E886DE517} = {C55263A6-764B-4CEC-84AA-E500EA6E243D}
		{3133E4DA-579A-4961-ADE4-EABAEFD677F9} = {4587CABB-E630-4762-BE91-F8CAC3CE9B55}
		{2811A195-8DCE-4EFD-9F78-827E83673F1A} = {71F93042-0B65-47D9-BFEC-785F00C0E65A}
		{F3C2A7FE-FBEE-42F9-8168-9EB48B05D758} = {3A52AC2F-7F66-4DF3-861A-4099C23593F7}
		{C3D667C6-FEDB-4578-8A06-5A762AEF0D57} = {C55263A6-764B-4CEC-84AA-E500EA6E243D}
		{C314EAAE-4992-4AB6-9FD2-D6DB7C6ACF59} = {C3D667C6-FEDB-4578-8A06-5A762AEF0D57}
		{B6EB13A0-2BAB-4515-BD1D-32220A46950B} = {71F93042-0B65-47D9-BFEC-785F00C0E65A}
	EndGlobalSection
	GlobalSection(ExtensibilityGlobals) = postSolution
		SolutionGuid = {E8B012D3-D172-43E7-B06D-4103597EAA68}
	EndGlobalSection
EndGlobal
